
Microsoft Visual Studio Solution File, Format Version 9.00
# Visual Studio 2005
Project("{FAE04EC0-301F-11D3-BF4B-00C04F79EFBC}") = "GestionInmobiliaria", "GestionInmobiliaria\GestionInmobiliaria.csproj", "{05324A33-1FC5-44FF-A790-153B80F802A0}"
EndProject
Project("{FAE04EC0-301F-11D3-BF4B-00C04F79EFBC}") = "BussinesRules", "BussinesRules\BussinesRules.csproj", "{66558686-DC74-4052-B6C9-B1F04797999A}"
EndProject
Project("{FAE04EC0-301F-11D3-BF4B-00C04F79EFBC}") = "Managers", "Managers\Managers.csproj", "{DA938C06-AE00-447E-8675-C0F97DF9273F}"
EndProject
Project("{FAE04EC0-301F-11D3-BF4B-00C04F79EFBC}") = "DataAccess", "DataAccess\DataAccess.csproj", "{49D54CEC-D798-4349-8D29-022294E64789}"
EndProject
Project("{FAE04EC0-301F-11D3-BF4B-00C04F79EFBC}") = "Framework", "Controles\Framework.csproj", "{28CFEA97-AA29-49AE-9F7F-3CF337A0AB81}"
EndProject
Project("{FAE04EC0-301F-11D3-BF4B-00C04F79EFBC}") = "Reportes", "Reportes\Reportes.csproj", "{2483B3D5-E6A6-4527-8815-DFD81B0BA85A}"
EndProject
Global
	GlobalSection(SolutionConfigurationPlatforms) = preSolution
		Debug|Any CPU = Debug|Any CPU
		Release|Any CPU = Release|Any CPU
	EndGlobalSection
	GlobalSection(ProjectConfigurationPlatforms) = postSolution
		{05324A33-1FC5-44FF-A790-153B80F802A0}.Debug|Any CPU.ActiveCfg = Debug|Any CPU
		{05324A33-1FC5-44FF-A790-153B80F802A0}.Debug|Any CPU.Build.0 = Debug|Any CPU
		{05324A33-1FC5-44FF-A790-153B80F802A0}.Release|Any CPU.ActiveCfg = Release|Any CPU
		{05324A33-1FC5-44FF-A790-153B80F802A0}.Release|Any CPU.Build.0 = Release|Any CPU
		{66558686-DC74-4052-B6C9-B1F04797999A}.Debug|Any CPU.ActiveCfg = Debug|Any CPU
		{66558686-DC74-4052-B6C9-B1F04797999A}.Debug|Any CPU.Build.0 = Debug|Any CPU
		{66558686-DC74-4052-B6C9-B1F04797999A}.Release|Any CPU.ActiveCfg = Release|Any CPU
		{66558686-DC74-4052-B6C9-B1F04797999A}.Release|Any CPU.Build.0 = Release|Any CPU
		{DA938C06-AE00-447E-8675-C0F97DF9273F}.Debug|Any CPU.ActiveCfg = Debug|Any CPU
		{DA938C06-AE00-447E-8675-C0F97DF9273F}.Debug|Any CPU.Build.0 = Debug|Any CPU
		{DA938C06-AE00-447E-8675-C0F97DF9273F}.Release|Any CPU.ActiveCfg = Release|Any CPU
		{DA938C06-AE00-447E-8675-C0F97DF9273F}.Release|Any CPU.Build.0 = Release|Any CPU
		{49D54CEC-D798-4349-8D29-022294E64789}.Debug|Any CPU.ActiveCfg = Debug|Any CPU
		{49D54CEC-D798-4349-8D29-022294E64789}.Debug|Any CPU.Build.0 = Debug|Any CPU
		{49D54CEC-D798-4349-8D29-022294E64789}.Release|Any CPU.ActiveCfg = Release|Any CPU
		{49D54CEC-D798-4349-8D29-022294E64789}.Release|Any CPU.Build.0 = Release|Any CPU
		{28CFEA97-AA29-49AE-9F7F-3CF337A0AB81}.Debug|Any CPU.ActiveCfg = Debug|Any CPU
		{28CFEA97-AA29-49AE-9F7F-3CF337A0AB81}.Debug|Any CPU.Build.0 = Debug|Any CPU
		{28CFEA97-AA29-49AE-9F7F-3CF337A0AB81}.Release|Any CPU.ActiveCfg = Release|Any CPU
		{28CFEA97-AA29-49AE-9F7F-3CF337A0AB81}.Release|Any CPU.Build.0 = Release|Any CPU
		{2483B3D5-E6A6-4527-8815-DFD81B0BA85A}.Debug|Any CPU.ActiveCfg = Debug|Any CPU
		{2483B3D5-E6A6-4527-8815-DFD81B0BA85A}.Debug|Any CPU.Build.0 = Debug|Any CPU
		{2483B3D5-E6A6-4527-8815-DFD81B0BA85A}.Release|Any CPU.ActiveCfg = Release|Any CPU
		{2483B3D5-E6A6-4527-8815-DFD81B0BA85A}.Release|Any CPU.Build.0 = Release|Any CPU
	EndGlobalSection
	GlobalSection(SolutionProperties) = preSolution
		HideSolutionNode = FALSE
	EndGlobalSection
EndGlobal
